
Microsoft Visual Studio Solution File, Format Version 12.00
# Visual Studio Version 17
VisualStudioVersion = 17.12.35707.178
MinimumVisualStudioVersion = 10.0.40219.1
Project("{FAE04EC0-301F-11D3-BF4B-00C04F79EFBC}") = "SelfHostedSuperViser", "SelfHostedSuperViser\SelfHostedSuperViser.csproj", "{3768436E-13F3-4F7A-B16B-73B326C90E5A}"
EndProject
Project("{FAE04EC0-301F-11D3-BF4B-00C04F79EFBC}") = "SelfHostedSuperViser.Tests", "SelfHostedSuperViser.Tests\SelfHostedSuperViser.Tests.csproj", "{91B51732-342B-4111-989E-B412FCBA921D}"
	ProjectSection(ProjectDependencies) = postProject
		{3768436E-13F3-4F7A-B16B-73B326C90E5A} = {3768436E-13F3-4F7A-B16B-73B326C90E5A}
	EndProjectSection
EndProject
Global
	GlobalSection(SolutionConfigurationPlatforms) = preSolution
		Debug|Any CPU = Debug|Any CPU
		Release|Any CPU = Release|Any CPU
	EndGlobalSection
	GlobalSection(ProjectConfigurationPlatforms) = postSolution
		{3768436E-13F3-4F7A-B16B-73B326C90E5A}.Debug|Any CPU.ActiveCfg = Debug|Any CPU
		{3768436E-13F3-4F7A-B16B-73B326C90E5A}.Debug|Any CPU.Build.0 = Debug|Any CPU
		{3768436E-13F3-4F7A-B16B-73B326C90E5A}.Release|Any CPU.ActiveCfg = Release|Any CPU
		{3768436E-13F3-4F7A-B16B-73B326C90E5A}.Release|Any CPU.Build.0 = Release|Any CPU
		{91B51732-342B-4111-989E-B412FCBA921D}.Debug|Any CPU.ActiveCfg = Debug|Any CPU
		{91B51732-342B-4111-989E-B412FCBA921D}.Debug|Any CPU.Build.0 = Debug|Any CPU
		{91B51732-342B-4111-989E-B412FCBA921D}.Release|Any CPU.ActiveCfg = Release|Any CPU
		{91B51732-342B-4111-989E-B412FCBA921D}.Release|Any CPU.Build.0 = Release|Any CPU
	EndGlobalSection
	GlobalSection(SolutionProperties) = preSolution
		HideSolutionNode = FALSE
	EndGlobalSection
EndGlobal
